
Microsoft Visual Studio Solution File, Format Version 12.00
# Visual Studio Version 16
VisualStudioVersion = 16.0.30114.105
MinimumVisualStudioVersion = 10.0.40219.1
Project("{FAE04EC0-301F-11D3-BF4B-00C04F79EFBC}") = "WebApplication.Api", "WebApplication\WebApplication.Api.csproj", "{6A5EDB2B-BFF8-4016-879D-2C4A0738EBFE}"
EndProject
Project("{FAE04EC0-301F-11D3-BF4B-00C04F79EFBC}") = "WebApplication.Service", "WebApplication.Service\WebApplication.Service.csproj", "{1D734012-72EE-4AFA-8853-71271909C5DF}"
EndProject
Project("{FAE04EC0-301F-11D3-BF4B-00C04F79EFBC}") = "WebApplication.Query", "WebApplication.Query\WebApplication.Query.csproj", "{A907FA4A-EADB-43AB-B289-322C17320B7C}"
EndProject
Project("{FAE04EC0-301F-11D3-BF4B-00C04F79EFBC}") = "WebApplication.Model", "WebApplication.Model\WebApplication.Model.csproj", "{7FF43090-9CF1-4737-B871-94D4DAD47F7D}"
EndProject
Project("{2150E333-8FDC-42A3-9474-1A3956D46DE8}") = "Solution Items", "Solution Items", "{A9F73947-8BA1-4B0A-8EC6-EAFB7CFF985A}"
	ProjectSection(SolutionItems) = preProject
		gen_coverage_report.ps1 = gen_coverage_report.ps1
	EndProjectSection
EndProject
Project("{FAE04EC0-301F-11D3-BF4B-00C04F79EFBC}") = "WebApplication.NUnit.Tests", "WebApplication.NUnit.Tests\WebApplication.NUnit.Tests.csproj", "{4DE3BEA3-7740-400C-A41A-D72C947C194B}"
EndProject
Project("{2150E333-8FDC-42A3-9474-1A3956D46DE8}") = "Tests", "Tests", "{22E09C8B-B119-4056-AD15-9354B6FFDFDF}"
EndProject
Global
	GlobalSection(SolutionConfigurationPlatforms) = preSolution
		Debug|Any CPU = Debug|Any CPU
		Release|Any CPU = Release|Any CPU
	EndGlobalSection
	GlobalSection(ProjectConfigurationPlatforms) = postSolution
		{6A5EDB2B-BFF8-4016-879D-2C4A0738EBFE}.Debug|Any CPU.ActiveCfg = Debug|Any CPU
		{6A5EDB2B-BFF8-4016-879D-2C4A0738EBFE}.Debug|Any CPU.Build.0 = Debug|Any CPU
		{6A5EDB2B-BFF8-4016-879D-2C4A0738EBFE}.Release|Any CPU.ActiveCfg = Release|Any CPU
		{6A5EDB2B-BFF8-4016-879D-2C4A0738EBFE}.Release|Any CPU.Build.0 = Release|Any CPU
		{1D734012-72EE-4AFA-8853-71271909C5DF}.Debug|Any CPU.ActiveCfg = Debug|Any CPU
		{1D734012-72EE-4AFA-8853-71271909C5DF}.Debug|Any CPU.Build.0 = Debug|Any CPU
		{1D734012-72EE-4AFA-8853-71271909C5DF}.Release|Any CPU.ActiveCfg = Release|Any CPU
		{1D734012-72EE-4AFA-8853-71271909C5DF}.Release|Any CPU.Build.0 = Release|Any CPU
		{A907FA4A-EADB-43AB-B289-322C17320B7C}.Debug|Any CPU.ActiveCfg = Debug|Any CPU
		{A907FA4A-EADB-43AB-B289-322C17320B7C}.Debug|Any CPU.Build.0 = Debug|Any CPU
		{A907FA4A-EADB-43AB-B289-322C17320B7C}.Release|Any CPU.ActiveCfg = Release|Any CPU
		{A907FA4A-EADB-43AB-B289-322C17320B7C}.Release|Any CPU.Build.0 = Release|Any CPU
		{7FF43090-9CF1-4737-B871-94D4DAD47F7D}.Debug|Any CPU.ActiveCfg = Debug|Any CPU
		{7FF43090-9CF1-4737-B871-94D4DAD47F7D}.Debug|Any CPU.Build.0 = Debug|Any CPU
		{7FF43090-9CF1-4737-B871-94D4DAD47F7D}.Release|Any CPU.ActiveCfg = Release|Any CPU
		{7FF43090-9CF1-4737-B871-94D4DAD47F7D}.Release|Any CPU.Build.0 = Release|Any CPU
		{4DE3BEA3-7740-400C-A41A-D72C947C194B}.Debug|Any CPU.ActiveCfg = Debug|Any CPU
		{4DE3BEA3-7740-400C-A41A-D72C947C194B}.Debug|Any CPU.Build.0 = Debug|Any CPU
		{4DE3BEA3-7740-400C-A41A-D72C947C194B}.Release|Any CPU.ActiveCfg = Release|Any CPU
		{4DE3BEA3-7740-400C-A41A-D72C947C194B}.Release|Any CPU.Build.0 = Release|Any CPU
	EndGlobalSection
	GlobalSection(SolutionProperties) = preSolution
		HideSolutionNode = FALSE
	EndGlobalSection
	GlobalSection(NestedProjects) = preSolution
		{4DE3BEA3-7740-400C-A41A-D72C947C194B} = {22E09C8B-B119-4056-AD15-9354B6FFDFDF}
	EndGlobalSection
	GlobalSection(ExtensibilityGlobals) = postSolution
		SolutionGuid = {35B410A6-C699-4581-93D3-42BFB0EB09FA}
	EndGlobalSection
EndGlobal
