
Microsoft Visual Studio Solution File, Format Version 12.00
# Visual Studio Version 16
VisualStudioVersion = 16.0.30114.105
MinimumVisualStudioVersion = 10.0.40219.1
Project("{FAE04EC0-301F-11D3-BF4B-00C04F79EFBC}") = "WebApplication", "WebApplication\WebApplication.csproj", "{6A5EDB2B-BFF8-4016-879D-2C4A0738EBFE}"
EndProject
Project("{FAE04EC0-301F-11D3-BF4B-00C04F79EFBC}") = "WebApplication.MS.Tests", "WebApplication.Tests\WebApplication.MS.Tests.csproj", "{2F8A2417-3A34-416A-8650-AB864DFD3498}"
EndProject
Project("{FAE04EC0-301F-11D3-BF4B-00C04F79EFBC}") = "WebApplication.Unit.Tests", "WebApplication.Unit.Tests\WebApplication.Unit.Tests.csproj", "{5279F8D4-72FC-42A0-8B4B-C45702463A8C}"
EndProject
Global
	GlobalSection(SolutionConfigurationPlatforms) = preSolution
		Debug|Any CPU = Debug|Any CPU
		Release|Any CPU = Release|Any CPU
	EndGlobalSection
	GlobalSection(ProjectConfigurationPlatforms) = postSolution
		{6A5EDB2B-BFF8-4016-879D-2C4A0738EBFE}.Debug|Any CPU.ActiveCfg = Debug|Any CPU
		{6A5EDB2B-BFF8-4016-879D-2C4A0738EBFE}.Debug|Any CPU.Build.0 = Debug|Any CPU
		{6A5EDB2B-BFF8-4016-879D-2C4A0738EBFE}.Release|Any CPU.ActiveCfg = Release|Any CPU
		{6A5EDB2B-BFF8-4016-879D-2C4A0738EBFE}.Release|Any CPU.Build.0 = Release|Any CPU
		{2F8A2417-3A34-416A-8650-AB864DFD3498}.Debug|Any CPU.ActiveCfg = Debug|Any CPU
		{2F8A2417-3A34-416A-8650-AB864DFD3498}.Debug|Any CPU.Build.0 = Debug|Any CPU
		{2F8A2417-3A34-416A-8650-AB864DFD3498}.Release|Any CPU.ActiveCfg = Release|Any CPU
		{2F8A2417-3A34-416A-8650-AB864DFD3498}.Release|Any CPU.Build.0 = Release|Any CPU
		{5279F8D4-72FC-42A0-8B4B-C45702463A8C}.Debug|Any CPU.ActiveCfg = Debug|Any CPU
		{5279F8D4-72FC-42A0-8B4B-C45702463A8C}.Debug|Any CPU.Build.0 = Debug|Any CPU
		{5279F8D4-72FC-42A0-8B4B-C45702463A8C}.Release|Any CPU.ActiveCfg = Release|Any CPU
		{5279F8D4-72FC-42A0-8B4B-C45702463A8C}.Release|Any CPU.Build.0 = Release|Any CPU
	EndGlobalSection
	GlobalSection(SolutionProperties) = preSolution
		HideSolutionNode = FALSE
	EndGlobalSection
	GlobalSection(ExtensibilityGlobals) = postSolution
		SolutionGuid = {35B410A6-C699-4581-93D3-42BFB0EB09FA}
	EndGlobalSection
EndGlobal
